
Microsoft Visual Studio Solution File, Format Version 12.00
# Visual Studio Version 16
VisualStudioVersion = 16.0.30523.141
MinimumVisualStudioVersion = 10.0.40219.1
Project("{FAE04EC0-301F-11D3-BF4B-00C04F79EFBC}") = "Project", "Project.csproj", "{F88D8CF8-FCA7-489C-9323-150AB1846FB0}"
EndProject
Global
	GlobalSection(SolutionConfigurationPlatforms) = preSolution
		Debug|Any CPU = Debug|Any CPU
		Release|Any CPU = Release|Any CPU
	EndGlobalSection
	GlobalSection(ProjectConfigurationPlatforms) = postSolution
		{F88D8CF8-FCA7-489C-9323-150AB1846FB0}.Debug|Any CPU.ActiveCfg = Debug|Any CPU
		{F88D8CF8-FCA7-489C-9323-150AB1846FB0}.Debug|Any CPU.Build.0 = Debug|Any CPU
		{F88D8CF8-FCA7-489C-9323-150AB1846FB0}.Release|Any CPU.ActiveCfg = Release|Any CPU
		{F88D8CF8-FCA7-489C-9323-150AB1846FB0}.Release|Any CPU.Build.0 = Release|Any CPU
	EndGlobalSection
	GlobalSection(SolutionProperties) = preSolution
		HideSolutionNode = FALSE
	EndGlobalSection
	GlobalSection(ExtensibilityGlobals) = postSolution
		SolutionGuid = {344FCFB2-F11D-44C9-AF0F-DBDC1A9C8BC3}
	EndGlobalSection
EndGlobal
